
Microsoft Visual Studio Solution File, Format Version 12.00
# Visual Studio 2013
VisualStudioVersion = 12.0.30723.0
MinimumVisualStudioVersion = 10.0.40219.1
Project("{FAE04EC0-301F-11D3-BF4B-00C04F79EFBC}") = "FileNumberer.Lib", "FileNumberer.Lib\FileNumberer.Lib.csproj", "{35C2BC4C-8E00-4D90-993C-D9D946902CDE}"
EndProject
Project("{FAE04EC0-301F-11D3-BF4B-00C04F79EFBC}") = "FileNumberer.WinFormApp", "FileNumberer.WinFormApp\FileNumberer.WinFormApp.csproj", "{1FC683DF-D958-448C-B5EB-D67483337759}"
EndProject
Global
	GlobalSection(SolutionConfigurationPlatforms) = preSolution
		Debug|Any CPU = Debug|Any CPU
		Release|Any CPU = Release|Any CPU
	EndGlobalSection
	GlobalSection(ProjectConfigurationPlatforms) = postSolution
		{35C2BC4C-8E00-4D90-993C-D9D946902CDE}.Debug|Any CPU.ActiveCfg = Debug|Any CPU
		{35C2BC4C-8E00-4D90-993C-D9D946902CDE}.Debug|Any CPU.Build.0 = Debug|Any CPU
		{35C2BC4C-8E00-4D90-993C-D9D946902CDE}.Release|Any CPU.ActiveCfg = Release|Any CPU
		{35C2BC4C-8E00-4D90-993C-D9D946902CDE}.Release|Any CPU.Build.0 = Release|Any CPU
		{1FC683DF-D958-448C-B5EB-D67483337759}.Debug|Any CPU.ActiveCfg = Debug|Any CPU
		{1FC683DF-D958-448C-B5EB-D67483337759}.Debug|Any CPU.Build.0 = Debug|Any CPU
		{1FC683DF-D958-448C-B5EB-D67483337759}.Release|Any CPU.ActiveCfg = Release|Any CPU
		{1FC683DF-D958-448C-B5EB-D67483337759}.Release|Any CPU.Build.0 = Release|Any CPU
	EndGlobalSection
	GlobalSection(SolutionProperties) = preSolution
		HideSolutionNode = FALSE
	EndGlobalSection
EndGlobal
